
Microsoft Visual Studio Solution File, Format Version 12.00
# Visual Studio 14
VisualStudioVersion = 14.0.25420.1
MinimumVisualStudioVersion = 10.0.40219.1
Project("{8BC9CEB8-8B4A-11D0-8D11-00A0C91BC942}") = "ProcessHider", "ProcessHider\ProcessHider.vcxproj", "{43237BF6-7361-4449-ACDE-A2A9180D0DB3}"
	ProjectSection(ProjectDependencies) = postProject
		{D88F1D1D-92D0-4D3F-8D7F-BA6595EBD402} = {D88F1D1D-92D0-4D3F-8D7F-BA6595EBD402}
		{8CAB413B-32E4-4D5F-82B4-D6BE7D77BCE1} = {8CAB413B-32E4-4D5F-82B4-D6BE7D77BCE1}
		{2A839F5D-1F54-47D3-857A-106143116756} = {2A839F5D-1F54-47D3-857A-106143116756}
	EndProjectSection
EndProject
Project("{8BC9CEB8-8B4A-11D0-8D11-00A0C91BC942}") = "x64 Launcher", "x64 Launcher\x64 Launcher.vcxproj", "{D88F1D1D-92D0-4D3F-8D7F-BA6595EBD402}"
	ProjectSection(ProjectDependencies) = postProject
		{8CAB413B-32E4-4D5F-82B4-D6BE7D77BCE1} = {8CAB413B-32E4-4D5F-82B4-D6BE7D77BCE1}
		{2A839F5D-1F54-47D3-857A-106143116756} = {2A839F5D-1F54-47D3-857A-106143116756}
	EndProjectSection
EndProject
Project("{8BC9CEB8-8B4A-11D0-8D11-00A0C91BC942}") = "x86Payload", "x86Payload\x86Payload.vcxproj", "{2A839F5D-1F54-47D3-857A-106143116756}"
EndProject
Project("{8BC9CEB8-8B4A-11D0-8D11-00A0C91BC942}") = "x64Payload", "x64Payload\x64Payload.vcxproj", "{8CAB413B-32E4-4D5F-82B4-D6BE7D77BCE1}"
EndProject
Global
	GlobalSection(SolutionConfigurationPlatforms) = preSolution
		Debug|Any CPU = Debug|Any CPU
		Debug|Mixed Platforms = Debug|Mixed Platforms
		Debug|Win32 = Debug|Win32
		Debug|x64 = Debug|x64
		Release|Any CPU = Release|Any CPU
		Release|Mixed Platforms = Release|Mixed Platforms
		Release|Win32 = Release|Win32
		Release|x64 = Release|x64
	EndGlobalSection
	GlobalSection(ProjectConfigurationPlatforms) = postSolution
		{43237BF6-7361-4449-ACDE-A2A9180D0DB3}.Debug|Any CPU.ActiveCfg = Debug|Win32
		{43237BF6-7361-4449-ACDE-A2A9180D0DB3}.Debug|Mixed Platforms.ActiveCfg = Debug|Win32
		{43237BF6-7361-4449-ACDE-A2A9180D0DB3}.Debug|Mixed Platforms.Build.0 = Debug|Win32
		{43237BF6-7361-4449-ACDE-A2A9180D0DB3}.Debug|Win32.ActiveCfg = Debug|Win32
		{43237BF6-7361-4449-ACDE-A2A9180D0DB3}.Debug|Win32.Build.0 = Debug|Win32
		{43237BF6-7361-4449-ACDE-A2A9180D0DB3}.Debug|x64.ActiveCfg = Debug|x64
		{43237BF6-7361-4449-ACDE-A2A9180D0DB3}.Debug|x64.Build.0 = Debug|x64
		{43237BF6-7361-4449-ACDE-A2A9180D0DB3}.Release|Any CPU.ActiveCfg = Release|Win32
		{43237BF6-7361-4449-ACDE-A2A9180D0DB3}.Release|Mixed Platforms.ActiveCfg = Release|Win32
		{43237BF6-7361-4449-ACDE-A2A9180D0DB3}.Release|Mixed Platforms.Build.0 = Release|Win32
		{43237BF6-7361-4449-ACDE-A2A9180D0DB3}.Release|Win32.ActiveCfg = Release|Win32
		{43237BF6-7361-4449-ACDE-A2A9180D0DB3}.Release|Win32.Build.0 = Release|Win32
		{43237BF6-7361-4449-ACDE-A2A9180D0DB3}.Release|x64.ActiveCfg = Release|x64
		{43237BF6-7361-4449-ACDE-A2A9180D0DB3}.Release|x64.Build.0 = Release|x64
		{D88F1D1D-92D0-4D3F-8D7F-BA6595EBD402}.Debug|Any CPU.ActiveCfg = Debug|Win32
		{D88F1D1D-92D0-4D3F-8D7F-BA6595EBD402}.Debug|Mixed Platforms.ActiveCfg = Debug|Win32
		{D88F1D1D-92D0-4D3F-8D7F-BA6595EBD402}.Debug|Mixed Platforms.Build.0 = Debug|Win32
		{D88F1D1D-92D0-4D3F-8D7F-BA6595EBD402}.Debug|Win32.ActiveCfg = Debug|x64
		{D88F1D1D-92D0-4D3F-8D7F-BA6595EBD402}.Debug|Win32.Build.0 = Debug|x64
		{D88F1D1D-92D0-4D3F-8D7F-BA6595EBD402}.Debug|x64.ActiveCfg = Debug|x64
		{D88F1D1D-92D0-4D3F-8D7F-BA6595EBD402}.Debug|x64.Build.0 = Debug|x64
		{D88F1D1D-92D0-4D3F-8D7F-BA6595EBD402}.Release|Any CPU.ActiveCfg = Release|Win32
		{D88F1D1D-92D0-4D3F-8D7F-BA6595EBD402}.Release|Mixed Platforms.ActiveCfg = Release|Win32
		{D88F1D1D-92D0-4D3F-8D7F-BA6595EBD402}.Release|Mixed Platforms.Build.0 = Release|Win32
		{D88F1D1D-92D0-4D3F-8D7F-BA6595EBD402}.Release|Win32.ActiveCfg = Release|x64
		{D88F1D1D-92D0-4D3F-8D7F-BA6595EBD402}.Release|Win32.Build.0 = Release|x64
		{D88F1D1D-92D0-4D3F-8D7F-BA6595EBD402}.Release|x64.ActiveCfg = Release|x64
		{D88F1D1D-92D0-4D3F-8D7F-BA6595EBD402}.Release|x64.Build.0 = Release|x64
		{2A839F5D-1F54-47D3-857A-106143116756}.Debug|Any CPU.ActiveCfg = Debug|Win32
		{2A839F5D-1F54-47D3-857A-106143116756}.Debug|Mixed Platforms.ActiveCfg = Debug|Win32
		{2A839F5D-1F54-47D3-857A-106143116756}.Debug|Mixed Platforms.Build.0 = Debug|Win32
		{2A839F5D-1F54-47D3-857A-106143116756}.Debug|Win32.ActiveCfg = Debug|Win32
		{2A839F5D-1F54-47D3-857A-106143116756}.Debug|Win32.Build.0 = Debug|Win32
		{2A839F5D-1F54-47D3-857A-106143116756}.Debug|x64.ActiveCfg = Debug|Win32
		{2A839F5D-1F54-47D3-857A-106143116756}.Release|Any CPU.ActiveCfg = Release|Win32
		{2A839F5D-1F54-47D3-857A-106143116756}.Release|Mixed Platforms.ActiveCfg = Release|Win32
		{2A839F5D-1F54-47D3-857A-106143116756}.Release|Mixed Platforms.Build.0 = Release|Win32
		{2A839F5D-1F54-47D3-857A-106143116756}.Release|Win32.ActiveCfg = Release|Win32
		{2A839F5D-1F54-47D3-857A-106143116756}.Release|Win32.Build.0 = Release|Win32
		{2A839F5D-1F54-47D3-857A-106143116756}.Release|x64.ActiveCfg = Release|Win32
		{8CAB413B-32E4-4D5F-82B4-D6BE7D77BCE1}.Debug|Any CPU.ActiveCfg = Debug|Win32
		{8CAB413B-32E4-4D5F-82B4-D6BE7D77BCE1}.Debug|Mixed Platforms.ActiveCfg = Debug|Win32
		{8CAB413B-32E4-4D5F-82B4-D6BE7D77BCE1}.Debug|Mixed Platforms.Build.0 = Debug|Win32
		{8CAB413B-32E4-4D5F-82B4-D6BE7D77BCE1}.Debug|Win32.ActiveCfg = Debug|x64
		{8CAB413B-32E4-4D5F-82B4-D6BE7D77BCE1}.Debug|Win32.Build.0 = Debug|x64
		{8CAB413B-32E4-4D5F-82B4-D6BE7D77BCE1}.Debug|x64.ActiveCfg = Debug|x64
		{8CAB413B-32E4-4D5F-82B4-D6BE7D77BCE1}.Debug|x64.Build.0 = Debug|x64
		{8CAB413B-32E4-4D5F-82B4-D6BE7D77BCE1}.Release|Any CPU.ActiveCfg = Release|Win32
		{8CAB413B-32E4-4D5F-82B4-D6BE7D77BCE1}.Release|Mixed Platforms.ActiveCfg = Release|Win32
		{8CAB413B-32E4-4D5F-82B4-D6BE7D77BCE1}.Release|Mixed Platforms.Build.0 = Release|Win32
		{8CAB413B-32E4-4D5F-82B4-D6BE7D77BCE1}.Release|Win32.ActiveCfg = Release|x64
		{8CAB413B-32E4-4D5F-82B4-D6BE7D77BCE1}.Release|Win32.Build.0 = Release|x64
		{8CAB413B-32E4-4D5F-82B4-D6BE7D77BCE1}.Release|x64.ActiveCfg = Release|x64
		{8CAB413B-32E4-4D5F-82B4-D6BE7D77BCE1}.Release|x64.Build.0 = Release|x64
	EndGlobalSection
	GlobalSection(SolutionProperties) = preSolution
		HideSolutionNode = FALSE
	EndGlobalSection
EndGlobal
